// !$*UTF8*$!
{
	archiveVersion = 1;
	classes = {
	};
	objectVersion = 50;
	objects = {

/* Begin PBXBuildFile section */
		17C25A4F7DD40DEED8AE281F /* Pods_Cleanse.framework in Frameworks */ = {isa = PBXBuildFile; fileRef = 626D84ADEA4B14D0498DBFF6 /* Pods_Cleanse.framework */; };
		77E805DD249E4D8E75E12408 /* Pods_CleanseTests.framework in Frameworks */ = {isa = PBXBuildFile; fileRef = 8638814EF45853CB3398D2E3 /* Pods_CleanseTests.framework */; };
		9D191EC6213B071E00B91985 /* InformationViewController.swift in Sources */ = {isa = PBXBuildFile; fileRef = 9D191EC5213B071D00B91985 /* InformationViewController.swift */; };
		9D2B8C272128B7D300188DC5 /* ApprovedTableViewCell.swift in Sources */ = {isa = PBXBuildFile; fileRef = 9D2B8C262128B7D300188DC5 /* ApprovedTableViewCell.swift */; };
		9D2B8C292128B7E300188DC5 /* ApprovedViewController.swift in Sources */ = {isa = PBXBuildFile; fileRef = 9D2B8C282128B7E300188DC5 /* ApprovedViewController.swift */; };
		9D3E1F13211B3C7C00CA9E57 /* StoreKit.framework in Frameworks */ = {isa = PBXBuildFile; fileRef = 9D3E1F12211B3C7C00CA9E57 /* StoreKit.framework */; };
		9D43C5E4211A645A00659451 /* AppDelegate.swift in Sources */ = {isa = PBXBuildFile; fileRef = 9D43C5E3211A645A00659451 /* AppDelegate.swift */; };
		9D43C5E6211A645A00659451 /* ViewController.swift in Sources */ = {isa = PBXBuildFile; fileRef = 9D43C5E5211A645A00659451 /* ViewController.swift */; };
		9D43C5E9211A645A00659451 /* Main.storyboard in Resources */ = {isa = PBXBuildFile; fileRef = 9D43C5E7211A645A00659451 /* Main.storyboard */; };
		9D43C5EB211A645D00659451 /* Assets.xcassets in Resources */ = {isa = PBXBuildFile; fileRef = 9D43C5EA211A645D00659451 /* Assets.xcassets */; };
		9D43C5EE211A645D00659451 /* LaunchScreen.storyboard in Resources */ = {isa = PBXBuildFile; fileRef = 9D43C5EC211A645D00659451 /* LaunchScreen.storyboard */; };
		9D43C5F9211A645D00659451 /* CleanseTests.swift in Sources */ = {isa = PBXBuildFile; fileRef = 9D43C5F8211A645D00659451 /* CleanseTests.swift */; };
		9D43C604211A645E00659451 /* CleanseUITests.swift in Sources */ = {isa = PBXBuildFile; fileRef = 9D43C603211A645E00659451 /* CleanseUITests.swift */; };
		9D43C618211A6ADE00659451 /* Dosis-ExtraBold.otf in Resources */ = {isa = PBXBuildFile; fileRef = 9D43C611211A6ACE00659451 /* Dosis-ExtraBold.otf */; };
		9D43C619211A6ADE00659451 /* Dosis-ExtraBold.otf in Resources */ = {isa = PBXBuildFile; fileRef = 9D43C611211A6ACE00659451 /* Dosis-ExtraBold.otf */; };
		9D43C61A211A6ADE00659451 /* Dosis-ExtraBold.otf in Resources */ = {isa = PBXBuildFile; fileRef = 9D43C611211A6ACE00659451 /* Dosis-ExtraBold.otf */; };
		9D43C61B211A6ADE00659451 /* Dosis-Light.otf in Resources */ = {isa = PBXBuildFile; fileRef = 9D43C612211A6AD000659451 /* Dosis-Light.otf */; };
		9D43C61C211A6ADE00659451 /* Dosis-Light.otf in Resources */ = {isa = PBXBuildFile; fileRef = 9D43C612211A6AD000659451 /* Dosis-Light.otf */; };
		9D43C61D211A6ADE00659451 /* Dosis-Light.otf in Resources */ = {isa = PBXBuildFile; fileRef = 9D43C612211A6AD000659451 /* Dosis-Light.otf */; };
		9D43C61E211A6ADE00659451 /* Dosis-SemiBold.otf in Resources */ = {isa = PBXBuildFile; fileRef = 9D43C613211A6AD200659451 /* Dosis-SemiBold.otf */; };
		9D43C61F211A6ADE00659451 /* Dosis-SemiBold.otf in Resources */ = {isa = PBXBuildFile; fileRef = 9D43C613211A6AD200659451 /* Dosis-SemiBold.otf */; };
		9D43C620211A6ADE00659451 /* Dosis-SemiBold.otf in Resources */ = {isa = PBXBuildFile; fileRef = 9D43C613211A6AD200659451 /* Dosis-SemiBold.otf */; };
		9D43C621211A6ADE00659451 /* Dosis-ExtraLight.otf in Resources */ = {isa = PBXBuildFile; fileRef = 9D43C614211A6AD400659451 /* Dosis-ExtraLight.otf */; };
		9D43C622211A6ADE00659451 /* Dosis-ExtraLight.otf in Resources */ = {isa = PBXBuildFile; fileRef = 9D43C614211A6AD400659451 /* Dosis-ExtraLight.otf */; };
		9D43C623211A6ADE00659451 /* Dosis-ExtraLight.otf in Resources */ = {isa = PBXBuildFile; fileRef = 9D43C614211A6AD400659451 /* Dosis-ExtraLight.otf */; };
		9D43C624211A6ADE00659451 /* Dosis-Medium.otf in Resources */ = {isa = PBXBuildFile; fileRef = 9D43C615211A6AD700659451 /* Dosis-Medium.otf */; };
		9D43C625211A6ADE00659451 /* Dosis-Medium.otf in Resources */ = {isa = PBXBuildFile; fileRef = 9D43C615211A6AD700659451 /* Dosis-Medium.otf */; };
		9D43C626211A6ADE00659451 /* Dosis-Medium.otf in Resources */ = {isa = PBXBuildFile; fileRef = 9D43C615211A6AD700659451 /* Dosis-Medium.otf */; };
		9D43C627211A6ADE00659451 /* Dosis-Bold.otf in Resources */ = {isa = PBXBuildFile; fileRef = 9D43C616211A6AD900659451 /* Dosis-Bold.otf */; };
		9D43C628211A6ADE00659451 /* Dosis-Bold.otf in Resources */ = {isa = PBXBuildFile; fileRef = 9D43C616211A6AD900659451 /* Dosis-Bold.otf */; };
		9D43C629211A6ADE00659451 /* Dosis-Bold.otf in Resources */ = {isa = PBXBuildFile; fileRef = 9D43C616211A6AD900659451 /* Dosis-Bold.otf */; };
		9D43C62A211A6ADE00659451 /* Dosis-Regular.otf in Resources */ = {isa = PBXBuildFile; fileRef = 9D43C617211A6ADC00659451 /* Dosis-Regular.otf */; };
		9D43C62B211A6ADE00659451 /* Dosis-Regular.otf in Resources */ = {isa = PBXBuildFile; fileRef = 9D43C617211A6ADC00659451 /* Dosis-Regular.otf */; };
		9D43C62C211A6ADE00659451 /* Dosis-Regular.otf in Resources */ = {isa = PBXBuildFile; fileRef = 9D43C617211A6ADC00659451 /* Dosis-Regular.otf */; };
		9D43C62E211A789A00659451 /* AViewController.swift in Sources */ = {isa = PBXBuildFile; fileRef = 9D43C62D211A789A00659451 /* AViewController.swift */; };
		9D43C630211A78B300659451 /* BViewController.swift in Sources */ = {isa = PBXBuildFile; fileRef = 9D43C62F211A78B300659451 /* BViewController.swift */; };
		9D43C632211A78C300659451 /* CViewController.swift in Sources */ = {isa = PBXBuildFile; fileRef = 9D43C631211A78C300659451 /* CViewController.swift */; };
		9D43C634211A78D500659451 /* DViewController.swift in Sources */ = {isa = PBXBuildFile; fileRef = 9D43C633211A78D500659451 /* DViewController.swift */; };
		9D43C636211A78E000659451 /* EViewController.swift in Sources */ = {isa = PBXBuildFile; fileRef = 9D43C635211A78E000659451 /* EViewController.swift */; };
		9D43C638211A78E900659451 /* FViewController.swift in Sources */ = {isa = PBXBuildFile; fileRef = 9D43C637211A78E800659451 /* FViewController.swift */; };
		9D43C63A211A78F100659451 /* GViewController.swift in Sources */ = {isa = PBXBuildFile; fileRef = 9D43C639211A78F100659451 /* GViewController.swift */; };
		9D43C63C211A78FD00659451 /* PurchaseViewController.swift in Sources */ = {isa = PBXBuildFile; fileRef = 9D43C63B211A78FD00659451 /* PurchaseViewController.swift */; };
		9D43C63E211A790600659451 /* HomeViewController.swift in Sources */ = {isa = PBXBuildFile; fileRef = 9D43C63D211A790600659451 /* HomeViewController.swift */; };
		9D43C640211A796A00659451 /* HViewController.swift in Sources */ = {isa = PBXBuildFile; fileRef = 9D43C63F211A796A00659451 /* HViewController.swift */; };
		9D43C642211A799500659451 /* LoginViewController.swift in Sources */ = {isa = PBXBuildFile; fileRef = 9D43C641211A799500659451 /* LoginViewController.swift */; };
		9D43C644211A89C800659451 /* GoogleService-Info.plist in Resources */ = {isa = PBXBuildFile; fileRef = 9D43C643211A89C700659451 /* GoogleService-Info.plist */; };
		9D43C646211B2B0800659451 /* SettingsViewController.swift in Sources */ = {isa = PBXBuildFile; fileRef = 9D43C645211B2B0800659451 /* SettingsViewController.swift */; };
		9D43C648211B2B1400659451 /* BillingViewController.swift in Sources */ = {isa = PBXBuildFile; fileRef = 9D43C647211B2B1400659451 /* BillingViewController.swift */; };
		9D43C64A211B339F00659451 /* MealsTableViewCell.swift in Sources */ = {isa = PBXBuildFile; fileRef = 9D43C649211B339F00659451 /* MealsTableViewCell.swift */; };
		9DA745C42138E5BA009FABE9 /* SalesCollectionViewCell.swift in Sources */ = {isa = PBXBuildFile; fileRef = 9DA745C32138E5BA009FABE9 /* SalesCollectionViewCell.swift */; };
		DB2725367FCEDE97EC69E114 /* Pods_CleanseUITests.framework in Frameworks */ = {isa = PBXBuildFile; fileRef = C20D30A4019BCDF22A6D5FBD /* Pods_CleanseUITests.framework */; };
/* End PBXBuildFile section */

/* Begin PBXContainerItemProxy section */
		9D43C5F5211A645D00659451 /* PBXContainerItemProxy */ = {
			isa = PBXContainerItemProxy;
			containerPortal = 9D43C5D8211A645A00659451 /* Project object */;
			proxyType = 1;
			remoteGlobalIDString = 9D43C5DF211A645A00659451;
			remoteInfo = Cleanse;
		};
		9D43C600211A645D00659451 /* PBXContainerItemProxy */ = {
			isa = PBXContainerItemProxy;
			containerPortal = 9D43C5D8211A645A00659451 /* Project object */;
			proxyType = 1;
			remoteGlobalIDString = 9D43C5DF211A645A00659451;
			remoteInfo = Cleanse;
		};
/* End PBXContainerItemProxy section */

/* Begin PBXFileReference section */
		626D84ADEA4B14D0498DBFF6 /* Pods_Cleanse.framework */ = {isa = PBXFileReference; explicitFileType = wrapper.framework; includeInIndex = 0; path = Pods_Cleanse.framework; sourceTree = BUILT_PRODUCTS_DIR; };
		8638814EF45853CB3398D2E3 /* Pods_CleanseTests.framework */ = {isa = PBXFileReference; explicitFileType = wrapper.framework; includeInIndex = 0; path = Pods_CleanseTests.framework; sourceTree = BUILT_PRODUCTS_DIR; };
		994ACEBC28352862D6DBA3A6 /* Pods-Cleanse.debug.xcconfig */ = {isa = PBXFileReference; includeInIndex = 1; lastKnownFileType = text.xcconfig; name = "Pods-Cleanse.debug.xcconfig"; path = "Pods/Target Support Files/Pods-Cleanse/Pods-Cleanse.debug.xcconfig"; sourceTree = "<group>"; };
		9D191EC5213B071D00B91985 /* InformationViewController.swift */ = {isa = PBXFileReference; lastKnownFileType = sourcecode.swift; path = InformationViewController.swift; sourceTree = "<group>"; };
		9D2B8C262128B7D300188DC5 /* ApprovedTableViewCell.swift */ = {isa = PBXFileReference; lastKnownFileType = sourcecode.swift; path = ApprovedTableViewCell.swift; sourceTree = "<group>"; };
		9D2B8C282128B7E300188DC5 /* ApprovedViewController.swift */ = {isa = PBXFileReference; lastKnownFileType = sourcecode.swift; path = ApprovedViewController.swift; sourceTree = "<group>"; };
		9D3E1F12211B3C7C00CA9E57 /* StoreKit.framework */ = {isa = PBXFileReference; lastKnownFileType = wrapper.framework; name = StoreKit.framework; path = System/Library/Frameworks/StoreKit.framework; sourceTree = SDKROOT; };
		9D43C5E0211A645A00659451 /* Cleanse.app */ = {isa = PBXFileReference; explicitFileType = wrapper.application; includeInIndex = 0; path = Cleanse.app; sourceTree = BUILT_PRODUCTS_DIR; };
		9D43C5E3211A645A00659451 /* AppDelegate.swift */ = {isa = PBXFileReference; lastKnownFileType = sourcecode.swift; path = AppDelegate.swift; sourceTree = "<group>"; };
		9D43C5E5211A645A00659451 /* ViewController.swift */ = {isa = PBXFileReference; lastKnownFileType = sourcecode.swift; path = ViewController.swift; sourceTree = "<group>"; };
		9D43C5E8211A645A00659451 /* Base */ = {isa = PBXFileReference; lastKnownFileType = file.storyboard; name = Base; path = Base.lproj/Main.storyboard; sourceTree = "<group>"; };
		9D43C5EA211A645D00659451 /* Assets.xcassets */ = {isa = PBXFileReference; lastKnownFileType = folder.assetcatalog; path = Assets.xcassets; sourceTree = "<group>"; };
		9D43C5ED211A645D00659451 /* Base */ = {isa = PBXFileReference; lastKnownFileType = file.storyboard; name = Base; path = Base.lproj/LaunchScreen.storyboard; sourceTree = "<group>"; };
		9D43C5EF211A645D00659451 /* Info.plist */ = {isa = PBXFileReference; lastKnownFileType = text.plist.xml; path = Info.plist; sourceTree = "<group>"; };
		9D43C5F4211A645D00659451 /* CleanseTests.xctest */ = {isa = PBXFileReference; explicitFileType = wrapper.cfbundle; includeInIndex = 0; path = CleanseTests.xctest; sourceTree = BUILT_PRODUCTS_DIR; };
		9D43C5F8211A645D00659451 /* CleanseTests.swift */ = {isa = PBXFileReference; lastKnownFileType = sourcecode.swift; path = CleanseTests.swift; sourceTree = "<group>"; };
		9D43C5FA211A645D00659451 /* Info.plist */ = {isa = PBXFileReference; lastKnownFileType = text.plist.xml; path = Info.plist; sourceTree = "<group>"; };
		9D43C5FF211A645D00659451 /* CleanseUITests.xctest */ = {isa = PBXFileReference; explicitFileType = wrapper.cfbundle; includeInIndex = 0; path = CleanseUITests.xctest; sourceTree = BUILT_PRODUCTS_DIR; };
		9D43C603211A645E00659451 /* CleanseUITests.swift */ = {isa = PBXFileReference; lastKnownFileType = sourcecode.swift; path = CleanseUITests.swift; sourceTree = "<group>"; };
		9D43C605211A645E00659451 /* Info.plist */ = {isa = PBXFileReference; lastKnownFileType = text.plist.xml; path = Info.plist; sourceTree = "<group>"; };
		9D43C611211A6ACE00659451 /* Dosis-ExtraBold.otf */ = {isa = PBXFileReference; lastKnownFileType = file; path = "Dosis-ExtraBold.otf"; sourceTree = "<group>"; };
		9D43C612211A6AD000659451 /* Dosis-Light.otf */ = {isa = PBXFileReference; lastKnownFileType = file; path = "Dosis-Light.otf"; sourceTree = "<group>"; };
		9D43C613211A6AD200659451 /* Dosis-SemiBold.otf */ = {isa = PBXFileReference; lastKnownFileType = file; path = "Dosis-SemiBold.otf"; sourceTree = "<group>"; };
		9D43C614211A6AD400659451 /* Dosis-ExtraLight.otf */ = {isa = PBXFileReference; lastKnownFileType = file; path = "Dosis-ExtraLight.otf"; sourceTree = "<group>"; };
		9D43C615211A6AD700659451 /* Dosis-Medium.otf */ = {isa = PBXFileReference; lastKnownFileType = file; path = "Dosis-Medium.otf"; sourceTree = "<group>"; };
		9D43C616211A6AD900659451 /* Dosis-Bold.otf */ = {isa = PBXFileReference; lastKnownFileType = file; path = "Dosis-Bold.otf"; sourceTree = "<group>"; };
		9D43C617211A6ADC00659451 /* Dosis-Regular.otf */ = {isa = PBXFileReference; lastKnownFileType = file; path = "Dosis-Regular.otf"; sourceTree = "<group>"; };
		9D43C62D211A789A00659451 /* AViewController.swift */ = {isa = PBXFileReference; lastKnownFileType = sourcecode.swift; path = AViewController.swift; sourceTree = "<group>"; };
		9D43C62F211A78B300659451 /* BViewController.swift */ = {isa = PBXFileReference; lastKnownFileType = sourcecode.swift; path = BViewController.swift; sourceTree = "<group>"; };
		9D43C631211A78C300659451 /* CViewController.swift */ = {isa = PBXFileReference; lastKnownFileType = sourcecode.swift; path = CViewController.swift; sourceTree = "<group>"; };
		9D43C633211A78D500659451 /* DViewController.swift */ = {isa = PBXFileReference; lastKnownFileType = sourcecode.swift; path = DViewController.swift; sourceTree = "<group>"; };
		9D43C635211A78E000659451 /* EViewController.swift */ = {isa = PBXFileReference; lastKnownFileType = sourcecode.swift; path = EViewController.swift; sourceTree = "<group>"; };
		9D43C637211A78E800659451 /* FViewController.swift */ = {isa = PBXFileReference; lastKnownFileType = sourcecode.swift; path = FViewController.swift; sourceTree = "<group>"; };
		9D43C639211A78F100659451 /* GViewController.swift */ = {isa = PBXFileReference; lastKnownFileType = sourcecode.swift; path = GViewController.swift; sourceTree = "<group>"; };
		9D43C63B211A78FD00659451 /* PurchaseViewController.swift */ = {isa = PBXFileReference; lastKnownFileType = sourcecode.swift; path = PurchaseViewController.swift; sourceTree = "<group>"; };
		9D43C63D211A790600659451 /* HomeViewController.swift */ = {isa = PBXFileReference; lastKnownFileType = sourcecode.swift; path = HomeViewController.swift; sourceTree = "<group>"; };
		9D43C63F211A796A00659451 /* HViewController.swift */ = {isa = PBXFileReference; lastKnownFileType = sourcecode.swift; path = HViewController.swift; sourceTree = "<group>"; };
		9D43C641211A799500659451 /* LoginViewController.swift */ = {isa = PBXFileReference; lastKnownFileType = sourcecode.swift; path = LoginViewController.swift; sourceTree = "<group>"; };
		9D43C643211A89C700659451 /* GoogleService-Info.plist */ = {isa = PBXFileReference; fileEncoding = 4; lastKnownFileType = text.plist.xml; path = "GoogleService-Info.plist"; sourceTree = "<group>"; };
		9D43C645211B2B0800659451 /* SettingsViewController.swift */ = {isa = PBXFileReference; lastKnownFileType = sourcecode.swift; path = SettingsViewController.swift; sourceTree = "<group>"; };
		9D43C647211B2B1400659451 /* BillingViewController.swift */ = {isa = PBXFileReference; lastKnownFileType = sourcecode.swift; path = BillingViewController.swift; sourceTree = "<group>"; };
		9D43C649211B339F00659451 /* MealsTableViewCell.swift */ = {isa = PBXFileReference; lastKnownFileType = sourcecode.swift; path = MealsTableViewCell.swift; sourceTree = "<group>"; };
		9D45E72221221EA800A26195 /* Cleanse.entitlements */ = {isa = PBXFileReference; lastKnownFileType = text.plist.entitlements; path = Cleanse.entitlements; sourceTree = "<group>"; };
		9DA745C32138E5BA009FABE9 /* SalesCollectionViewCell.swift */ = {isa = PBXFileReference; lastKnownFileType = sourcecode.swift; path = SalesCollectionViewCell.swift; sourceTree = "<group>"; };
		A868265761F55598D3AEA878 /* Pods-CleanseTests.debug.xcconfig */ = {isa = PBXFileReference; includeInIndex = 1; lastKnownFileType = text.xcconfig; name = "Pods-CleanseTests.debug.xcconfig"; path = "Pods/Target Support Files/Pods-CleanseTests/Pods-CleanseTests.debug.xcconfig"; sourceTree = "<group>"; };
		B8487AA3D090BB663F44EE56 /* Pods-CleanseUITests.release.xcconfig */ = {isa = PBXFileReference; includeInIndex = 1; lastKnownFileType = text.xcconfig; name = "Pods-CleanseUITests.release.xcconfig"; path = "Pods/Target Support Files/Pods-CleanseUITests/Pods-CleanseUITests.release.xcconfig"; sourceTree = "<group>"; };
		C20D30A4019BCDF22A6D5FBD /* Pods_CleanseUITests.framework */ = {isa = PBXFileReference; explicitFileType = wrapper.framework; includeInIndex = 0; path = Pods_CleanseUITests.framework; sourceTree = BUILT_PRODUCTS_DIR; };
		C51454D9155FA65E0E3D1678 /* Pods-Cleanse.release.xcconfig */ = {isa = PBXFileReference; includeInIndex = 1; lastKnownFileType = text.xcconfig; name = "Pods-Cleanse.release.xcconfig"; path = "Pods/Target Support Files/Pods-Cleanse/Pods-Cleanse.release.xcconfig"; sourceTree = "<group>"; };
		CBC70E6FB8043B9BEC0F1A4E /* Pods-CleanseTests.release.xcconfig */ = {isa = PBXFileReference; includeInIndex = 1; lastKnownFileType = text.xcconfig; name = "Pods-CleanseTests.release.xcconfig"; path = "Pods/Target Support Files/Pods-CleanseTests/Pods-CleanseTests.release.xcconfig"; sourceTree = "<group>"; };
		F990C8E9AF305572D13280BE /* Pods-CleanseUITests.debug.xcconfig */ = {isa = PBXFileReference; includeInIndex = 1; lastKnownFileType = text.xcconfig; name = "Pods-CleanseUITests.debug.xcconfig"; path = "Pods/Target Support Files/Pods-CleanseUITests/Pods-CleanseUITests.debug.xcconfig"; sourceTree = "<group>"; };
/* End PBXFileReference section */

/* Begin PBXFrameworksBuildPhase section */
		9D43C5DD211A645A00659451 /* Frameworks */ = {
			isa = PBXFrameworksBuildPhase;
			buildActionMask = 2147483647;
			files = (
				17C25A4F7DD40DEED8AE281F /* Pods_Cleanse.framework in Frameworks */,
				9D3E1F13211B3C7C00CA9E57 /* StoreKit.framework in Frameworks */,
			);
			runOnlyForDeploymentPostprocessing = 0;
		};
		9D43C5F1211A645D00659451 /* Frameworks */ = {
			isa = PBXFrameworksBuildPhase;
			buildActionMask = 2147483647;
			files = (
				77E805DD249E4D8E75E12408 /* Pods_CleanseTests.framework in Frameworks */,
			);
			runOnlyForDeploymentPostprocessing = 0;
		};
		9D43C5FC211A645D00659451 /* Frameworks */ = {
			isa = PBXFrameworksBuildPhase;
			buildActionMask = 2147483647;
			files = (
				DB2725367FCEDE97EC69E114 /* Pods_CleanseUITests.framework in Frameworks */,
			);
			runOnlyForDeploymentPostprocessing = 0;
		};
/* End PBXFrameworksBuildPhase section */

/* Begin PBXGroup section */
		9D43C5D7211A645A00659451 = {
			isa = PBXGroup;
			children = (
				9D43C5E2211A645A00659451 /* Cleanse */,
				9D43C5F7211A645D00659451 /* CleanseTests */,
				9D43C602211A645E00659451 /* CleanseUITests */,
				9D43C5E1211A645A00659451 /* Products */,
				9E779E096D05CFB1BE0B48DE /* Pods */,
				F2F087F3B0F154E81E4B6DBD /* Frameworks */,
			);
			sourceTree = "<group>";
		};
		9D43C5E1211A645A00659451 /* Products */ = {
			isa = PBXGroup;
			children = (
				9D43C5E0211A645A00659451 /* Cleanse.app */,
				9D43C5F4211A645D00659451 /* CleanseTests.xctest */,
				9D43C5FF211A645D00659451 /* CleanseUITests.xctest */,
			);
			name = Products;
			sourceTree = "<group>";
		};
		9D43C5E2211A645A00659451 /* Cleanse */ = {
			isa = PBXGroup;
			children = (
				9D45E72221221EA800A26195 /* Cleanse.entitlements */,
				9D43C5E3211A645A00659451 /* AppDelegate.swift */,
				9D43C5E5211A645A00659451 /* ViewController.swift */,
				9D43C5E7211A645A00659451 /* Main.storyboard */,
				9DA745C32138E5BA009FABE9 /* SalesCollectionViewCell.swift */,
				9D43C62D211A789A00659451 /* AViewController.swift */,
				9D43C62F211A78B300659451 /* BViewController.swift */,
				9D43C631211A78C300659451 /* CViewController.swift */,
				9D43C633211A78D500659451 /* DViewController.swift */,
				9D43C635211A78E000659451 /* EViewController.swift */,
				9D43C637211A78E800659451 /* FViewController.swift */,
				9D43C639211A78F100659451 /* GViewController.swift */,
				9D43C63F211A796A00659451 /* HViewController.swift */,
				9D43C641211A799500659451 /* LoginViewController.swift */,
				9D43C63B211A78FD00659451 /* PurchaseViewController.swift */,
				9D43C63D211A790600659451 /* HomeViewController.swift */,
				9D2B8C282128B7E300188DC5 /* ApprovedViewController.swift */,
				9D2B8C262128B7D300188DC5 /* ApprovedTableViewCell.swift */,
				9D43C649211B339F00659451 /* MealsTableViewCell.swift */,
				9D43C645211B2B0800659451 /* SettingsViewController.swift */,
				9D43C647211B2B1400659451 /* BillingViewController.swift */,
				9D191EC5213B071D00B91985 /* InformationViewController.swift */,
				9D43C5EA211A645D00659451 /* Assets.xcassets */,
				9D43C5EC211A645D00659451 /* LaunchScreen.storyboard */,
				9D43C643211A89C700659451 /* GoogleService-Info.plist */,
				9D43C5EF211A645D00659451 /* Info.plist */,
				9D43C616211A6AD900659451 /* Dosis-Bold.otf */,
				9D43C611211A6ACE00659451 /* Dosis-ExtraBold.otf */,
				9D43C614211A6AD400659451 /* Dosis-ExtraLight.otf */,
				9D43C612211A6AD000659451 /* Dosis-Light.otf */,
				9D43C615211A6AD700659451 /* Dosis-Medium.otf */,
				9D43C617211A6ADC00659451 /* Dosis-Regular.otf */,
				9D43C613211A6AD200659451 /* Dosis-SemiBold.otf */,
			);
			path = Cleanse;
			sourceTree = "<group>";
		};
		9D43C5F7211A645D00659451 /* CleanseTests */ = {
			isa = PBXGroup;
			children = (
				9D43C5F8211A645D00659451 /* CleanseTests.swift */,
				9D43C5FA211A645D00659451 /* Info.plist */,
			);
			path = CleanseTests;
			sourceTree = "<group>";
		};
		9D43C602211A645E00659451 /* CleanseUITests */ = {
			isa = PBXGroup;
			children = (
				9D43C603211A645E00659451 /* CleanseUITests.swift */,
				9D43C605211A645E00659451 /* Info.plist */,
			);
			path = CleanseUITests;
			sourceTree = "<group>";
		};
		9E779E096D05CFB1BE0B48DE /* Pods */ = {
			isa = PBXGroup;
			children = (
				994ACEBC28352862D6DBA3A6 /* Pods-Cleanse.debug.xcconfig */,
				C51454D9155FA65E0E3D1678 /* Pods-Cleanse.release.xcconfig */,
				A868265761F55598D3AEA878 /* Pods-CleanseTests.debug.xcconfig */,
				CBC70E6FB8043B9BEC0F1A4E /* Pods-CleanseTests.release.xcconfig */,
				F990C8E9AF305572D13280BE /* Pods-CleanseUITests.debug.xcconfig */,
				B8487AA3D090BB663F44EE56 /* Pods-CleanseUITests.release.xcconfig */,
			);
			name = Pods;
			sourceTree = "<group>";
		};
		F2F087F3B0F154E81E4B6DBD /* Frameworks */ = {
			isa = PBXGroup;
			children = (
				9D3E1F12211B3C7C00CA9E57 /* StoreKit.framework */,
				626D84ADEA4B14D0498DBFF6 /* Pods_Cleanse.framework */,
				8638814EF45853CB3398D2E3 /* Pods_CleanseTests.framework */,
				C20D30A4019BCDF22A6D5FBD /* Pods_CleanseUITests.framework */,
			);
			name = Frameworks;
			sourceTree = "<group>";
		};
/* End PBXGroup section */

/* Begin PBXNativeTarget section */
		9D43C5DF211A645A00659451 /* Cleanse */ = {
			isa = PBXNativeTarget;
			buildConfigurationList = 9D43C608211A645E00659451 /* Build configuration list for PBXNativeTarget "Cleanse" */;
			buildPhases = (
				4435D4649771FE29EFD172CE /* [CP] Check Pods Manifest.lock */,
				9D43C5DC211A645A00659451 /* Sources */,
				9D43C5DD211A645A00659451 /* Frameworks */,
				9D43C5DE211A645A00659451 /* Resources */,
				193F4A71BC0FC1E62B2D6C96 /* [CP] Embed Pods Frameworks */,
			);
			buildRules = (
			);
			dependencies = (
			);
			name = Cleanse;
			productName = Cleanse;
			productReference = 9D43C5E0211A645A00659451 /* Cleanse.app */;
			productType = "com.apple.product-type.application";
		};
		9D43C5F3211A645D00659451 /* CleanseTests */ = {
			isa = PBXNativeTarget;
			buildConfigurationList = 9D43C60B211A645E00659451 /* Build configuration list for PBXNativeTarget "CleanseTests" */;
			buildPhases = (
				B1A32A714ECCBA56EA4BA2CB /* [CP] Check Pods Manifest.lock */,
				9D43C5F0211A645D00659451 /* Sources */,
				9D43C5F1211A645D00659451 /* Frameworks */,
				9D43C5F2211A645D00659451 /* Resources */,
			);
			buildRules = (
			);
			dependencies = (
				9D43C5F6211A645D00659451 /* PBXTargetDependency */,
			);
			name = CleanseTests;
			productName = CleanseTests;
			productReference = 9D43C5F4211A645D00659451 /* CleanseTests.xctest */;
			productType = "com.apple.product-type.bundle.unit-test";
		};
		9D43C5FE211A645D00659451 /* CleanseUITests */ = {
			isa = PBXNativeTarget;
			buildConfigurationList = 9D43C60E211A645E00659451 /* Build configuration list for PBXNativeTarget "CleanseUITests" */;
			buildPhases = (
				A772DD51863F09B07DF30777 /* [CP] Check Pods Manifest.lock */,
				9D43C5FB211A645D00659451 /* Sources */,
				9D43C5FC211A645D00659451 /* Frameworks */,
				9D43C5FD211A645D00659451 /* Resources */,
			);
			buildRules = (
			);
			dependencies = (
				9D43C601211A645D00659451 /* PBXTargetDependency */,
			);
			name = CleanseUITests;
			productName = CleanseUITests;
			productReference = 9D43C5FF211A645D00659451 /* CleanseUITests.xctest */;
			productType = "com.apple.product-type.bundle.ui-testing";
		};
/* End PBXNativeTarget section */

/* Begin PBXProject section */
		9D43C5D8211A645A00659451 /* Project object */ = {
			isa = PBXProject;
			attributes = {
				LastSwiftUpdateCheck = 0940;
				LastUpgradeCheck = 0940;
				ORGANIZATIONNAME = "AA Tech";
				TargetAttributes = {
					9D43C5DF211A645A00659451 = {
						CreatedOnToolsVersion = 9.4.1;
						SystemCapabilities = {
							com.apple.ApplePay = {
								enabled = 1;
							};
							com.apple.InAppPurchase = {
								enabled = 1;
							};
						};
					};
					9D43C5F3211A645D00659451 = {
						CreatedOnToolsVersion = 9.4.1;
						TestTargetID = 9D43C5DF211A645A00659451;
					};
					9D43C5FE211A645D00659451 = {
						CreatedOnToolsVersion = 9.4.1;
						TestTargetID = 9D43C5DF211A645A00659451;
					};
				};
			};
			buildConfigurationList = 9D43C5DB211A645A00659451 /* Build configuration list for PBXProject "Cleanse" */;
			compatibilityVersion = "Xcode 9.3";
			developmentRegion = en;
			hasScannedForEncodings = 0;
			knownRegions = (
				en,
				Base,
			);
			mainGroup = 9D43C5D7211A645A00659451;
			productRefGroup = 9D43C5E1211A645A00659451 /* Products */;
			projectDirPath = "";
			projectRoot = "";
			targets = (
				9D43C5DF211A645A00659451 /* Cleanse */,
				9D43C5F3211A645D00659451 /* CleanseTests */,
				9D43C5FE211A645D00659451 /* CleanseUITests */,
			);
		};
/* End PBXProject section */

/* Begin PBXResourcesBuildPhase section */
		9D43C5DE211A645A00659451 /* Resources */ = {
			isa = PBXResourcesBuildPhase;
			buildActionMask = 2147483647;
			files = (
				9D43C644211A89C800659451 /* GoogleService-Info.plist in Resources */,
				9D43C5EE211A645D00659451 /* LaunchScreen.storyboard in Resources */,
				9D43C62A211A6ADE00659451 /* Dosis-Regular.otf in Resources */,
				9D43C621211A6ADE00659451 /* Dosis-ExtraLight.otf in Resources */,
				9D43C61E211A6ADE00659451 /* Dosis-SemiBold.otf in Resources */,
				9D43C5EB211A645D00659451 /* Assets.xcassets in Resources */,
				9D43C618211A6ADE00659451 /* Dosis-ExtraBold.otf in Resources */,
				9D43C627211A6ADE00659451 /* Dosis-Bold.otf in Resources */,
				9D43C61B211A6ADE00659451 /* Dosis-Light.otf in Resources */,
				9D43C5E9211A645A00659451 /* Main.storyboard in Resources */,
				9D43C624211A6ADE00659451 /* Dosis-Medium.otf in Resources */,
			);
			runOnlyForDeploymentPostprocessing = 0;
		};
		9D43C5F2211A645D00659451 /* Resources */ = {
			isa = PBXResourcesBuildPhase;
			buildActionMask = 2147483647;
			files = (
				9D43C619211A6ADE00659451 /* Dosis-ExtraBold.otf in Resources */,
				9D43C625211A6ADE00659451 /* Dosis-Medium.otf in Resources */,
				9D43C61F211A6ADE00659451 /* Dosis-SemiBold.otf in Resources */,
				9D43C622211A6ADE00659451 /* Dosis-ExtraLight.otf in Resources */,
				9D43C61C211A6ADE00659451 /* Dosis-Light.otf in Resources */,
				9D43C62B211A6ADE00659451 /* Dosis-Regular.otf in Resources */,
				9D43C628211A6ADE00659451 /* Dosis-Bold.otf in Resources */,
			);
			runOnlyForDeploymentPostprocessing = 0;
		};
		9D43C5FD211A645D00659451 /* Resources */ = {
			isa = PBXResourcesBuildPhase;
			buildActionMask = 2147483647;
			files = (
				9D43C61A211A6ADE00659451 /* Dosis-ExtraBold.otf in Resources */,
				9D43C626211A6ADE00659451 /* Dosis-Medium.otf in Resources */,
				9D43C620211A6ADE00659451 /* Dosis-SemiBold.otf in Resources */,
				9D43C623211A6ADE00659451 /* Dosis-ExtraLight.otf in Resources */,
				9D43C61D211A6ADE00659451 /* Dosis-Light.otf in Resources */,
				9D43C62C211A6ADE00659451 /* Dosis-Regular.otf in Resources */,
				9D43C629211A6ADE00659451 /* Dosis-Bold.otf in Resources */,
			);
			runOnlyForDeploymentPostprocessing = 0;
		};
/* End PBXResourcesBuildPhase section */

/* Begin PBXShellScriptBuildPhase section */
		193F4A71BC0FC1E62B2D6C96 /* [CP] Embed Pods Frameworks */ = {
			isa = PBXShellScriptBuildPhase;
			buildActionMask = 2147483647;
			files = (
			);
			inputPaths = (
				"${SRCROOT}/Pods/Target Support Files/Pods-Cleanse/Pods-Cleanse-frameworks.sh",
				"${BUILT_PRODUCTS_DIR}/Bolts/Bolts.framework",
				"${BUILT_PRODUCTS_DIR}/FBSDKCoreKit/FBSDKCoreKit.framework",
				"${BUILT_PRODUCTS_DIR}/GTMSessionFetcher/GTMSessionFetcher.framework",
				"${BUILT_PRODUCTS_DIR}/GoogleToolboxForMac/GoogleToolboxForMac.framework",
				"${BUILT_PRODUCTS_DIR}/Protobuf/Protobuf.framework",
				"${BUILT_PRODUCTS_DIR}/Purchases/Purchases.framework",
				"${BUILT_PRODUCTS_DIR}/SwiftyStoreKit/SwiftyStoreKit.framework",
				"${BUILT_PRODUCTS_DIR}/leveldb-library/leveldb.framework",
				"${BUILT_PRODUCTS_DIR}/nanopb/nanopb.framework",
			);
			name = "[CP] Embed Pods Frameworks";
			outputPaths = (
				"${TARGET_BUILD_DIR}/${FRAMEWORKS_FOLDER_PATH}/Bolts.framework",
				"${TARGET_BUILD_DIR}/${FRAMEWORKS_FOLDER_PATH}/FBSDKCoreKit.framework",
				"${TARGET_BUILD_DIR}/${FRAMEWORKS_FOLDER_PATH}/GTMSessionFetcher.framework",
				"${TARGET_BUILD_DIR}/${FRAMEWORKS_FOLDER_PATH}/GoogleToolboxForMac.framework",
				"${TARGET_BUILD_DIR}/${FRAMEWORKS_FOLDER_PATH}/Protobuf.framework",
				"${TARGET_BUILD_DIR}/${FRAMEWORKS_FOLDER_PATH}/Purchases.framework",
				"${TARGET_BUILD_DIR}/${FRAMEWORKS_FOLDER_PATH}/SwiftyStoreKit.framework",
				"${TARGET_BUILD_DIR}/${FRAMEWORKS_FOLDER_PATH}/leveldb.framework",
				"${TARGET_BUILD_DIR}/${FRAMEWORKS_FOLDER_PATH}/nanopb.framework",
			);
			runOnlyForDeploymentPostprocessing = 0;
			shellPath = /bin/sh;
			shellScript = "\"${SRCROOT}/Pods/Target Support Files/Pods-Cleanse/Pods-Cleanse-frameworks.sh\"\n";
			showEnvVarsInLog = 0;
		};
		4435D4649771FE29EFD172CE /* [CP] Check Pods Manifest.lock */ = {
			isa = PBXShellScriptBuildPhase;
			buildActionMask = 2147483647;
			files = (
			);
			inputPaths = (
				"${PODS_PODFILE_DIR_PATH}/Podfile.lock",
				"${PODS_ROOT}/Manifest.lock",
			);
			name = "[CP] Check Pods Manifest.lock";
			outputPaths = (
				"$(DERIVED_FILE_DIR)/Pods-Cleanse-checkManifestLockResult.txt",
			);
			runOnlyForDeploymentPostprocessing = 0;
			shellPath = /bin/sh;
			shellScript = "diff \"${PODS_PODFILE_DIR_PATH}/Podfile.lock\" \"${PODS_ROOT}/Manifest.lock\" > /dev/null\nif [ $? != 0 ] ; then\n    # print error to STDERR\n    echo \"error: The sandbox is not in sync with the Podfile.lock. Run 'pod install' or update your CocoaPods installation.\" >&2\n    exit 1\nfi\n# This output is used by Xcode 'outputs' to avoid re-running this script phase.\necho \"SUCCESS\" > \"${SCRIPT_OUTPUT_FILE_0}\"\n";
			showEnvVarsInLog = 0;
		};
		A772DD51863F09B07DF30777 /* [CP] Check Pods Manifest.lock */ = {
			isa = PBXShellScriptBuildPhase;
			buildActionMask = 2147483647;
			files = (
			);
			inputPaths = (
				"${PODS_PODFILE_DIR_PATH}/Podfile.lock",
				"${PODS_ROOT}/Manifest.lock",
			);
			name = "[CP] Check Pods Manifest.lock";
			outputPaths = (
				"$(DERIVED_FILE_DIR)/Pods-CleanseUITests-checkManifestLockResult.txt",
			);
			runOnlyForDeploymentPostprocessing = 0;
			shellPath = /bin/sh;
			shellScript = "diff \"${PODS_PODFILE_DIR_PATH}/Podfile.lock\" \"${PODS_ROOT}/Manifest.lock\" > /dev/null\nif [ $? != 0 ] ; then\n    # print error to STDERR\n    echo \"error: The sandbox is not in sync with the Podfile.lock. Run 'pod install' or update your CocoaPods installation.\" >&2\n    exit 1\nfi\n# This output is used by Xcode 'outputs' to avoid re-running this script phase.\necho \"SUCCESS\" > \"${SCRIPT_OUTPUT_FILE_0}\"\n";
			showEnvVarsInLog = 0;
		};
		B1A32A714ECCBA56EA4BA2CB /* [CP] Check Pods Manifest.lock */ = {
			isa = PBXShellScriptBuildPhase;
			buildActionMask = 2147483647;
			files = (
			);
			inputPaths = (
				"${PODS_PODFILE_DIR_PATH}/Podfile.lock",
				"${PODS_ROOT}/Manifest.lock",
			);
			name = "[CP] Check Pods Manifest.lock";
			outputPaths = (
				"$(DERIVED_FILE_DIR)/Pods-CleanseTests-checkManifestLockResult.txt",
			);
			runOnlyForDeploymentPostprocessing = 0;
			shellPath = /bin/sh;
			shellScript = "diff \"${PODS_PODFILE_DIR_PATH}/Podfile.lock\" \"${PODS_ROOT}/Manifest.lock\" > /dev/null\nif [ $? != 0 ] ; then\n    # print error to STDERR\n    echo \"error: The sandbox is not in sync with the Podfile.lock. Run 'pod install' or update your CocoaPods installation.\" >&2\n    exit 1\nfi\n# This output is used by Xcode 'outputs' to avoid re-running this script phase.\necho \"SUCCESS\" > \"${SCRIPT_OUTPUT_FILE_0}\"\n";
			showEnvVarsInLog = 0;
		};
/* End PBXShellScriptBuildPhase section */

/* Begin PBXSourcesBuildPhase section */
		9D43C5DC211A645A00659451 /* Sources */ = {
			isa = PBXSourcesBuildPhase;
			buildActionMask = 2147483647;
			files = (
				9D43C5E6211A645A00659451 /* ViewController.swift in Sources */,
				9D2B8C292128B7E300188DC5 /* ApprovedViewController.swift in Sources */,
				9D43C63A211A78F100659451 /* GViewController.swift in Sources */,
				9D43C634211A78D500659451 /* DViewController.swift in Sources */,
				9D43C630211A78B300659451 /* BViewController.swift in Sources */,
				9D43C632211A78C300659451 /* CViewController.swift in Sources */,
				9DA745C42138E5BA009FABE9 /* SalesCollectionViewCell.swift in Sources */,
				9D43C63C211A78FD00659451 /* PurchaseViewController.swift in Sources */,
				9D43C62E211A789A00659451 /* AViewController.swift in Sources */,
				9D43C640211A796A00659451 /* HViewController.swift in Sources */,
				9D43C64A211B339F00659451 /* MealsTableViewCell.swift in Sources */,
				9D43C63E211A790600659451 /* HomeViewController.swift in Sources */,
				9D43C648211B2B1400659451 /* BillingViewController.swift in Sources */,
				9D43C646211B2B0800659451 /* SettingsViewController.swift in Sources */,
				9D43C638211A78E900659451 /* FViewController.swift in Sources */,
				9D43C5E4211A645A00659451 /* AppDelegate.swift in Sources */,
				9D43C642211A799500659451 /* LoginViewController.swift in Sources */,
				9D43C636211A78E000659451 /* EViewController.swift in Sources */,
				9D2B8C272128B7D300188DC5 /* ApprovedTableViewCell.swift in Sources */,
				9D191EC6213B071E00B91985 /* InformationViewController.swift in Sources */,
			);
			runOnlyForDeploymentPostprocessing = 0;
		};
		9D43C5F0211A645D00659451 /* Sources */ = {
			isa = PBXSourcesBuildPhase;
			buildActionMask = 2147483647;
			files = (
				9D43C5F9211A645D00659451 /* CleanseTests.swift in Sources */,
			);
			runOnlyForDeploymentPostprocessing = 0;
		};
		9D43C5FB211A645D00659451 /* Sources */ = {
			isa = PBXSourcesBuildPhase;
			buildActionMask = 2147483647;
			files = (
				9D43C604211A645E00659451 /* CleanseUITests.swift in Sources */,
			);
			runOnlyForDeploymentPostprocessing = 0;
		};
/* End PBXSourcesBuildPhase section */

/* Begin PBXTargetDependency section */
		9D43C5F6211A645D00659451 /* PBXTargetDependency */ = {
			isa = PBXTargetDependency;
			target = 9D43C5DF211A645A00659451 /* Cleanse */;
			targetProxy = 9D43C5F5211A645D00659451 /* PBXContainerItemProxy */;
		};
		9D43C601211A645D00659451 /* PBXTargetDependency */ = {
			isa = PBXTargetDependency;
			target = 9D43C5DF211A645A00659451 /* Cleanse */;
			targetProxy = 9D43C600211A645D00659451 /* PBXContainerItemProxy */;
		};
/* End PBXTargetDependency section */

/* Begin PBXVariantGroup section */
		9D43C5E7211A645A00659451 /* Main.storyboard */ = {
			isa = PBXVariantGroup;
			children = (
				9D43C5E8211A645A00659451 /* Base */,
			);
			name = Main.storyboard;
			sourceTree = "<group>";
		};
		9D43C5EC211A645D00659451 /* LaunchScreen.storyboard */ = {
			isa = PBXVariantGroup;
			children = (
				9D43C5ED211A645D00659451 /* Base */,
			);
			name = LaunchScreen.storyboard;
			sourceTree = "<group>";
		};
/* End PBXVariantGroup section */

/* Begin XCBuildConfiguration section */
		9D43C606211A645E00659451 /* Debug */ = {
			isa = XCBuildConfiguration;
			buildSettings = {
				ALWAYS_SEARCH_USER_PATHS = NO;
				CLANG_ANALYZER_NONNULL = YES;
				CLANG_ANALYZER_NUMBER_OBJECT_CONVERSION = YES_AGGRESSIVE;
				CLANG_CXX_LANGUAGE_STANDARD = "gnu++14";
				CLANG_CXX_LIBRARY = "libc++";
				CLANG_ENABLE_MODULES = YES;
				CLANG_ENABLE_OBJC_ARC = YES;
				CLANG_ENABLE_OBJC_WEAK = YES;
				CLANG_WARN_BLOCK_CAPTURE_AUTORELEASING = YES;
				CLANG_WARN_BOOL_CONVERSION = YES;
				CLANG_WARN_COMMA = YES;
				CLANG_WARN_CONSTANT_CONVERSION = YES;
				CLANG_WARN_DEPRECATED_OBJC_IMPLEMENTATIONS = YES;
				CLANG_WARN_DIRECT_OBJC_ISA_USAGE = YES_ERROR;
				CLANG_WARN_DOCUMENTATION_COMMENTS = YES;
				CLANG_WARN_EMPTY_BODY = YES;
				CLANG_WARN_ENUM_CONVERSION = YES;
				CLANG_WARN_INFINITE_RECURSION = YES;
				CLANG_WARN_INT_CONVERSION = YES;
				CLANG_WARN_NON_LITERAL_NULL_CONVERSION = YES;
				CLANG_WARN_OBJC_IMPLICIT_RETAIN_SELF = YES;
				CLANG_WARN_OBJC_LITERAL_CONVERSION = YES;
				CLANG_WARN_OBJC_ROOT_CLASS = YES_ERROR;
				CLANG_WARN_RANGE_LOOP_ANALYSIS = YES;
				CLANG_WARN_STRICT_PROTOTYPES = YES;
				CLANG_WARN_SUSPICIOUS_MOVE = YES;
				CLANG_WARN_UNGUARDED_AVAILABILITY = YES_AGGRESSIVE;
				CLANG_WARN_UNREACHABLE_CODE = YES;
				CLANG_WARN__DUPLICATE_METHOD_MATCH = YES;
				CODE_SIGN_IDENTITY = "iPhone Developer";
				COPY_PHASE_STRIP = NO;
				DEBUG_INFORMATION_FORMAT = dwarf;
				ENABLE_STRICT_OBJC_MSGSEND = YES;
				ENABLE_TESTABILITY = YES;
				GCC_C_LANGUAGE_STANDARD = gnu11;
				GCC_DYNAMIC_NO_PIC = NO;
				GCC_NO_COMMON_BLOCKS = YES;
				GCC_OPTIMIZATION_LEVEL = 0;
				GCC_PREPROCESSOR_DEFINITIONS = (
					"DEBUG=1",
					"$(inherited)",
				);
				GCC_WARN_64_TO_32_BIT_CONVERSION = YES;
				GCC_WARN_ABOUT_RETURN_TYPE = YES_ERROR;
				GCC_WARN_UNDECLARED_SELECTOR = YES;
				GCC_WARN_UNINITIALIZED_AUTOS = YES_AGGRESSIVE;
				GCC_WARN_UNUSED_FUNCTION = YES;
				GCC_WARN_UNUSED_VARIABLE = YES;
				IPHONEOS_DEPLOYMENT_TARGET = 11.4;
				MTL_ENABLE_DEBUG_INFO = YES;
				ONLY_ACTIVE_ARCH = YES;
				SDKROOT = iphoneos;
				SWIFT_ACTIVE_COMPILATION_CONDITIONS = DEBUG;
				SWIFT_OPTIMIZATION_LEVEL = "-Onone";
			};
			name = Debug;
		};
		9D43C607211A645E00659451 /* Release */ = {
			isa = XCBuildConfiguration;
			buildSettings = {
				ALWAYS_SEARCH_USER_PATHS = NO;
				CLANG_ANALYZER_NONNULL = YES;
				CLANG_ANALYZER_NUMBER_OBJECT_CONVERSION = YES_AGGRESSIVE;
				CLANG_CXX_LANGUAGE_STANDARD = "gnu++14";
				CLANG_CXX_LIBRARY = "libc++";
				CLANG_ENABLE_MODULES = YES;
				CLANG_ENABLE_OBJC_ARC = YES;
				CLANG_ENABLE_OBJC_WEAK = YES;
				CLANG_WARN_BLOCK_CAPTURE_AUTORELEASING = YES;
				CLANG_WARN_BOOL_CONVERSION = YES;
				CLANG_WARN_COMMA = YES;
				CLANG_WARN_CONSTANT_CONVERSION = YES;
				CLANG_WARN_DEPRECATED_OBJC_IMPLEMENTATIONS = YES;
				CLANG_WARN_DIRECT_OBJC_ISA_USAGE = YES_ERROR;
				CLANG_WARN_DOCUMENTATION_COMMENTS = YES;
				CLANG_WARN_EMPTY_BODY = YES;
				CLANG_WARN_ENUM_CONVERSION = YES;
				CLANG_WARN_INFINITE_RECURSION = YES;
				CLANG_WARN_INT_CONVERSION = YES;
				CLANG_WARN_NON_LITERAL_NULL_CONVERSION = YES;
				CLANG_WARN_OBJC_IMPLICIT_RETAIN_SELF = YES;
				CLANG_WARN_OBJC_LITERAL_CONVERSION = YES;
				CLANG_WARN_OBJC_ROOT_CLASS = YES_ERROR;
				CLANG_WARN_RANGE_LOOP_ANALYSIS = YES;
				CLANG_WARN_STRICT_PROTOTYPES = YES;
				CLANG_WARN_SUSPICIOUS_MOVE = YES;
				CLANG_WARN_UNGUARDED_AVAILABILITY = YES_AGGRESSIVE;
				CLANG_WARN_UNREACHABLE_CODE = YES;
				CLANG_WARN__DUPLICATE_METHOD_MATCH = YES;
				CODE_SIGN_IDENTITY = "iPhone Developer";
				COPY_PHASE_STRIP = NO;
				DEBUG_INFORMATION_FORMAT = "dwarf-with-dsym";
				ENABLE_NS_ASSERTIONS = NO;
				ENABLE_STRICT_OBJC_MSGSEND = YES;
				GCC_C_LANGUAGE_STANDARD = gnu11;
				GCC_NO_COMMON_BLOCKS = YES;
				GCC_WARN_64_TO_32_BIT_CONVERSION = YES;
				GCC_WARN_ABOUT_RETURN_TYPE = YES_ERROR;
				GCC_WARN_UNDECLARED_SELECTOR = YES;
				GCC_WARN_UNINITIALIZED_AUTOS = YES_AGGRESSIVE;
				GCC_WARN_UNUSED_FUNCTION = YES;
				GCC_WARN_UNUSED_VARIABLE = YES;
				IPHONEOS_DEPLOYMENT_TARGET = 11.4;
				MTL_ENABLE_DEBUG_INFO = NO;
				SDKROOT = iphoneos;
				SWIFT_COMPILATION_MODE = wholemodule;
				SWIFT_OPTIMIZATION_LEVEL = "-O";
				VALIDATE_PRODUCT = YES;
			};
			name = Release;
		};
		9D43C609211A645E00659451 /* Debug */ = {
			isa = XCBuildConfiguration;
			baseConfigurationReference = 994ACEBC28352862D6DBA3A6 /* Pods-Cleanse.debug.xcconfig */;
			buildSettings = {
				ASSETCATALOG_COMPILER_APPICON_NAME = "AppIcon-2";
				CODE_SIGN_ENTITLEMENTS = Cleanse/Cleanse.entitlements;
				CODE_SIGN_STYLE = Automatic;
				DEVELOPMENT_TEAM = 797Q3HJ5U5;
				INFOPLIST_FILE = Cleanse/Info.plist;
				IPHONEOS_DEPLOYMENT_TARGET = 11.0;
				LD_RUNPATH_SEARCH_PATHS = (
					"$(inherited)",
					"@executable_path/Frameworks",
				);
				PRODUCT_BUNDLE_IDENTIFIER = com.aatech.Cleanse;
				PRODUCT_NAME = "$(TARGET_NAME)";
				SWIFT_VERSION = 4.0;
				TARGETED_DEVICE_FAMILY = "1,2";
			};
			name = Debug;
		};
		9D43C60A211A645E00659451 /* Release */ = {
			isa = XCBuildConfiguration;
			baseConfigurationReference = C51454D9155FA65E0E3D1678 /* Pods-Cleanse.release.xcconfig */;
			buildSettings = {
				ASSETCATALOG_COMPILER_APPICON_NAME = "AppIcon-2";
				CODE_SIGN_ENTITLEMENTS = Cleanse/Cleanse.entitlements;
				CODE_SIGN_STYLE = Automatic;
				DEVELOPMENT_TEAM = 797Q3HJ5U5;
				INFOPLIST_FILE = Cleanse/Info.plist;
				IPHONEOS_DEPLOYMENT_TARGET = 11.0;
				LD_RUNPATH_SEARCH_PATHS = (
					"$(inherited)",
					"@executable_path/Frameworks",
				);
				PRODUCT_BUNDLE_IDENTIFIER = com.aatech.Cleanse;
				PRODUCT_NAME = "$(TARGET_NAME)";
				SWIFT_VERSION = 4.0;
				TARGETED_DEVICE_FAMILY = "1,2";
			};
			name = Release;
		};
		9D43C60C211A645E00659451 /* Debug */ = {
			isa = XCBuildConfiguration;
			baseConfigurationReference = A868265761F55598D3AEA878 /* Pods-CleanseTests.debug.xcconfig */;
			buildSettings = {
				ALWAYS_EMBED_SWIFT_STANDARD_LIBRARIES = YES;
				BUNDLE_LOADER = "$(TEST_HOST)";
				CODE_SIGN_STYLE = Automatic;
				DEVELOPMENT_TEAM = 797Q3HJ5U5;
				INFOPLIST_FILE = CleanseTests/Info.plist;
				LD_RUNPATH_SEARCH_PATHS = (
					"$(inherited)",
					"@executable_path/Frameworks",
					"@loader_path/Frameworks",
				);
				PRODUCT_BUNDLE_IDENTIFIER = com.aatech.CleanseTests;
				PRODUCT_NAME = "$(TARGET_NAME)";
				SWIFT_VERSION = 4.0;
				TARGETED_DEVICE_FAMILY = "1,2";
				TEST_HOST = "$(BUILT_PRODUCTS_DIR)/Cleanse.app/Cleanse";
			};
			name = Debug;
		};
		9D43C60D211A645E00659451 /* Release */ = {
			isa = XCBuildConfiguration;
			baseConfigurationReference = CBC70E6FB8043B9BEC0F1A4E /* Pods-CleanseTests.release.xcconfig */;
			buildSettings = {
				ALWAYS_EMBED_SWIFT_STANDARD_LIBRARIES = YES;
				BUNDLE_LOADER = "$(TEST_HOST)";
				CODE_SIGN_STYLE = Automatic;
				DEVELOPMENT_TEAM = 797Q3HJ5U5;
				INFOPLIST_FILE = CleanseTests/Info.plist;
				LD_RUNPATH_SEARCH_PATHS = (
					"$(inherited)",
					"@executable_path/Frameworks",
					"@loader_path/Frameworks",
				);
				PRODUCT_BUNDLE_IDENTIFIER = com.aatech.CleanseTests;
				PRODUCT_NAME = "$(TARGET_NAME)";
				SWIFT_VERSION = 4.0;
				TARGETED_DEVICE_FAMILY = "1,2";
				TEST_HOST = "$(BUILT_PRODUCTS_DIR)/Cleanse.app/Cleanse";
			};
			name = Release;
		};
		9D43C60F211A645E00659451 /* Debug */ = {
			isa = XCBuildConfiguration;
			baseConfigurationReference = F990C8E9AF305572D13280BE /* Pods-CleanseUITests.debug.xcconfig */;
			buildSettings = {
				ALWAYS_EMBED_SWIFT_STANDARD_LIBRARIES = YES;
				CODE_SIGN_STYLE = Automatic;
				DEVELOPMENT_TEAM = 797Q3HJ5U5;
				INFOPLIST_FILE = CleanseUITests/Info.plist;
				LD_RUNPATH_SEARCH_PATHS = (
					"$(inherited)",
					"@executable_path/Frameworks",
					"@loader_path/Frameworks",
				);
				PRODUCT_BUNDLE_IDENTIFIER = com.aatech.CleanseUITests;
				PRODUCT_NAME = "$(TARGET_NAME)";
				SWIFT_VERSION = 4.0;
				TARGETED_DEVICE_FAMILY = "1,2";
				TEST_TARGET_NAME = Cleanse;
			};
			name = Debug;
		};
		9D43C610211A645E00659451 /* Release */ = {
			isa = XCBuildConfiguration;
			baseConfigurationReference = B8487AA3D090BB663F44EE56 /* Pods-CleanseUITests.release.xcconfig */;
			buildSettings = {
				ALWAYS_EMBED_SWIFT_STANDARD_LIBRARIES = YES;
				CODE_SIGN_STYLE = Automatic;
				DEVELOPMENT_TEAM = 797Q3HJ5U5;
				INFOPLIST_FILE = CleanseUITests/Info.plist;
				LD_RUNPATH_SEARCH_PATHS = (
					"$(inherited)",
					"@executable_path/Frameworks",
					"@loader_path/Frameworks",
				);
				PRODUCT_BUNDLE_IDENTIFIER = com.aatech.CleanseUITests;
				PRODUCT_NAME = "$(TARGET_NAME)";
				SWIFT_VERSION = 4.0;
				TARGETED_DEVICE_FAMILY = "1,2";
				TEST_TARGET_NAME = Cleanse;
			};
			name = Release;
		};
/* End XCBuildConfiguration section */

/* Begin XCConfigurationList section */
		9D43C5DB211A645A00659451 /* Build configuration list for PBXProject "Cleanse" */ = {
			isa = XCConfigurationList;
			buildConfigurations = (
				9D43C606211A645E00659451 /* Debug */,
				9D43C607211A645E00659451 /* Release */,
			);
			defaultConfigurationIsVisible = 0;
			defaultConfigurationName = Release;
		};
		9D43C608211A645E00659451 /* Build configuration list for PBXNativeTarget "Cleanse" */ = {
			isa = XCConfigurationList;
			buildConfigurations = (
				9D43C609211A645E00659451 /* Debug */,
				9D43C60A211A645E00659451 /* Release */,
			);
			defaultConfigurationIsVisible = 0;
			defaultConfigurationName = Release;
		};
		9D43C60B211A645E00659451 /* Build configuration list for PBXNativeTarget "CleanseTests" */ = {
			isa = XCConfigurationList;
			buildConfigurations = (
				9D43C60C211A645E00659451 /* Debug */,
				9D43C60D211A645E00659451 /* Release */,
			);
			defaultConfigurationIsVisible = 0;
			defaultConfigurationName = Release;
		};
		9D43C60E211A645E00659451 /* Build configuration list for PBXNativeTarget "CleanseUITests" */ = {
			isa = XCConfigurationList;
			buildConfigurations = (
				9D43C60F211A645E00659451 /* Debug */,
				9D43C610211A645E00659451 /* Release */,
			);
			defaultConfigurationIsVisible = 0;
			defaultConfigurationName = Release;
		};
/* End XCConfigurationList section */
	};
	rootObject = 9D43C5D8211A645A00659451 /* Project object */;
}
